Microsoft Visual Studio Solution File, Format Version 12.00
# Visual Studio Version 17
VisualStudioVersion = 17.5.2.0
MinimumVisualStudioVersion = 10.0.40219.1
Project("{FAE04EC0-301F-11D3-BF4B-00C04F79EFBC}") = "TP1-Classe-Object", "TP1-Classe-Object.csproj", "{AE72568E-A386-925F-5292-D234D93CD48D}"
EndProject
Global
	GlobalSection(SolutionConfigurationPlatforms) = preSolution
		Debug|Any CPU = Debug|Any CPU
		Release|Any CPU = Release|Any CPU
	EndGlobalSection
	GlobalSection(ProjectConfigurationPlatforms) = postSolution
		{AE72568E-A386-925F-5292-D234D93CD48D}.Debug|Any CPU.ActiveCfg = Debug|Any CPU
		{AE72568E-A386-925F-5292-D234D93CD48D}.Debug|Any CPU.Build.0 = Debug|Any CPU
		{AE72568E-A386-925F-5292-D234D93CD48D}.Release|Any CPU.ActiveCfg = Release|Any CPU
		{AE72568E-A386-925F-5292-D234D93CD48D}.Release|Any CPU.Build.0 = Release|Any CPU
	EndGlobalSection
	GlobalSection(SolutionProperties) = preSolution
		HideSolutionNode = FALSE
	EndGlobalSection
	GlobalSection(ExtensibilityGlobals) = postSolution
		SolutionGuid = {0DA50563-13DC-4F71-B8FA-031719C84E48}
	EndGlobalSection
EndGlobal
